
Microsoft Visual Studio Solution File, Format Version 12.00
# Visual Studio 2013
VisualStudioVersion = 12.0.30723.0
MinimumVisualStudioVersion = 10.0.40219.1
Project("{2150E333-8FDC-42A3-9474-1A3956D46DE8}") = "project", "project", "{1E74AF9B-A986-4D48-9BA3-1C597AB6979D}"
	ProjectSection(SolutionItems) = preProject
		build.cmd = build.cmd
		build.fsx = build.fsx
		build.sh = build.sh
		LICENSE.txt = LICENSE.txt
		README.md = README.md
		RELEASE_NOTES.md = RELEASE_NOTES.md
	EndProjectSection
EndProject
Project("{F2A71F9B-5D33-465A-A702-920D77279786}") = "Dyfrig.Http", "src\Dyfrig.Http\Dyfrig.Http.fsproj", "{319BE959-12AF-4322-A051-A0BF8CB15EC6}"
EndProject
Project("{F2A71F9B-5D33-465A-A702-920D77279786}") = "Dyfrig.Core", "src\Dyfrig.Core\Dyfrig.Core.fsproj", "{B407543C-6C1E-409A-B90C-908C21A9829E}"
EndProject
Project("{F2A71F9B-5D33-465A-A702-920D77279786}") = "Dyfrig.Core.Tests", "tests\Dyfrig.Core.Tests\Dyfrig.Core.Tests.fsproj", "{0DD29B24-0D7F-4B80-A172-292137D4BD5A}"
EndProject
Project("{F2A71F9B-5D33-465A-A702-920D77279786}") = "Dyfrig.Http.Tests", "tests\Dyfrig.Http.Tests\Dyfrig.Http.Tests.fsproj", "{88673368-AFB7-4B6E-B74D-E5148C3D3279}"
EndProject
Project("{F2A71F9B-5D33-465A-A702-920D77279786}") = "Dyfrig.Machine.Tests", "tests\Dyfrig.Machine.Tests\Dyfrig.Machine.Tests.fsproj", "{B6488751-6B7D-4284-ACFA-5DD56EA07AA3}"
EndProject
Project("{F2A71F9B-5D33-465A-A702-920D77279786}") = "Dyfrig.Router.Tests", "tests\Dyfrig.Router.Tests\Dyfrig.Router.Tests.fsproj", "{520BB73F-A641-4365-83E2-843D7D20D128}"
EndProject
Project("{F2A71F9B-5D33-465A-A702-920D77279786}") = "Dyfrig.Router", "src\Dyfrig.Router\Dyfrig.Router.fsproj", "{932851E9-C6F1-4A4D-B40B-7F0B2696C5BE}"
EndProject
Project("{F2A71F9B-5D33-465A-A702-920D77279786}") = "Dyfrig.Pipeline", "src\Dyfrig.Pipeline\Dyfrig.Pipeline.fsproj", "{E58C5890-B96F-447B-8414-0D04F9F77F62}"
EndProject
Project("{F2A71F9B-5D33-465A-A702-920D77279786}") = "Dyfrig.Pipeline.Tests", "tests\Dyfrig.Pipeline.Tests\Dyfrig.Pipeline.Tests.fsproj", "{F97F3EBB-8EE9-45CF-9AE0-66F911F357D5}"
EndProject
Project("{2150E333-8FDC-42A3-9474-1A3956D46DE8}") = "src", "src", "{17E3F5E5-0787-496E-B21A-A11A039B0DFA}"
EndProject
Project("{2150E333-8FDC-42A3-9474-1A3956D46DE8}") = "tests", "tests", "{EEF87D0F-5FAF-465F-86CD-20E135081D20}"
EndProject
Project("{2150E333-8FDC-42A3-9474-1A3956D46DE8}") = ".nuget", ".nuget", "{6E9365E2-0CD1-4F2F-968C-ED5E5E7A80A0}"
	ProjectSection(SolutionItems) = preProject
		.nuget\packages.config = .nuget\packages.config
	EndProjectSection
EndProject
Project("{2150E333-8FDC-42A3-9474-1A3956D46DE8}") = "sln", "sln", "{C5ABCD46-B313-4D8A-9DAE-0B4594624B56}"
	ProjectSection(SolutionItems) = preProject
		paket.dependencies = paket.dependencies
		paket.lock = paket.lock
	EndProjectSection
EndProject
Project("{F2A71F9B-5D33-465A-A702-920D77279786}") = "Dyfrig.Machine", "src\Dyfrig.Machine\Dyfrig.Machine.fsproj", "{EA130B5A-37B9-4842-B5D5-A245BE710D82}"
EndProject
Global
	GlobalSection(SolutionConfigurationPlatforms) = preSolution
		Debug|Any CPU = Debug|Any CPU
		Release|Any CPU = Release|Any CPU
	EndGlobalSection
	GlobalSection(ProjectConfigurationPlatforms) = postSolution
		{319BE959-12AF-4322-A051-A0BF8CB15EC6}.Debug|Any CPU.ActiveCfg = Debug|Any CPU
		{319BE959-12AF-4322-A051-A0BF8CB15EC6}.Debug|Any CPU.Build.0 = Debug|Any CPU
		{319BE959-12AF-4322-A051-A0BF8CB15EC6}.Release|Any CPU.ActiveCfg = Release|Any CPU
		{319BE959-12AF-4322-A051-A0BF8CB15EC6}.Release|Any CPU.Build.0 = Release|Any CPU
		{B407543C-6C1E-409A-B90C-908C21A9829E}.Debug|Any CPU.ActiveCfg = Debug|Any CPU
		{B407543C-6C1E-409A-B90C-908C21A9829E}.Debug|Any CPU.Build.0 = Debug|Any CPU
		{B407543C-6C1E-409A-B90C-908C21A9829E}.Release|Any CPU.ActiveCfg = Release|Any CPU
		{B407543C-6C1E-409A-B90C-908C21A9829E}.Release|Any CPU.Build.0 = Release|Any CPU
		{0DD29B24-0D7F-4B80-A172-292137D4BD5A}.Debug|Any CPU.ActiveCfg = Debug|Any CPU
		{0DD29B24-0D7F-4B80-A172-292137D4BD5A}.Debug|Any CPU.Build.0 = Debug|Any CPU
		{0DD29B24-0D7F-4B80-A172-292137D4BD5A}.Release|Any CPU.ActiveCfg = Release|Any CPU
		{0DD29B24-0D7F-4B80-A172-292137D4BD5A}.Release|Any CPU.Build.0 = Release|Any CPU
		{88673368-AFB7-4B6E-B74D-E5148C3D3279}.Debug|Any CPU.ActiveCfg = Debug|Any CPU
		{88673368-AFB7-4B6E-B74D-E5148C3D3279}.Debug|Any CPU.Build.0 = Debug|Any CPU
		{88673368-AFB7-4B6E-B74D-E5148C3D3279}.Release|Any CPU.ActiveCfg = Release|Any CPU
		{88673368-AFB7-4B6E-B74D-E5148C3D3279}.Release|Any CPU.Build.0 = Release|Any CPU
		{B6488751-6B7D-4284-ACFA-5DD56EA07AA3}.Debug|Any CPU.ActiveCfg = Debug|Any CPU
		{B6488751-6B7D-4284-ACFA-5DD56EA07AA3}.Debug|Any CPU.Build.0 = Debug|Any CPU
		{B6488751-6B7D-4284-ACFA-5DD56EA07AA3}.Release|Any CPU.ActiveCfg = Release|Any CPU
		{B6488751-6B7D-4284-ACFA-5DD56EA07AA3}.Release|Any CPU.Build.0 = Release|Any CPU
		{520BB73F-A641-4365-83E2-843D7D20D128}.Debug|Any CPU.ActiveCfg = Debug|Any CPU
		{520BB73F-A641-4365-83E2-843D7D20D128}.Debug|Any CPU.Build.0 = Debug|Any CPU
		{520BB73F-A641-4365-83E2-843D7D20D128}.Release|Any CPU.ActiveCfg = Release|Any CPU
		{520BB73F-A641-4365-83E2-843D7D20D128}.Release|Any CPU.Build.0 = Release|Any CPU
		{932851E9-C6F1-4A4D-B40B-7F0B2696C5BE}.Debug|Any CPU.ActiveCfg = Debug|Any CPU
		{932851E9-C6F1-4A4D-B40B-7F0B2696C5BE}.Debug|Any CPU.Build.0 = Debug|Any CPU
		{932851E9-C6F1-4A4D-B40B-7F0B2696C5BE}.Release|Any CPU.ActiveCfg = Release|Any CPU
		{932851E9-C6F1-4A4D-B40B-7F0B2696C5BE}.Release|Any CPU.Build.0 = Release|Any CPU
		{E58C5890-B96F-447B-8414-0D04F9F77F62}.Debug|Any CPU.ActiveCfg = Debug|Any CPU
		{E58C5890-B96F-447B-8414-0D04F9F77F62}.Debug|Any CPU.Build.0 = Debug|Any CPU
		{E58C5890-B96F-447B-8414-0D04F9F77F62}.Release|Any CPU.ActiveCfg = Release|Any CPU
		{E58C5890-B96F-447B-8414-0D04F9F77F62}.Release|Any CPU.Build.0 = Release|Any CPU
		{F97F3EBB-8EE9-45CF-9AE0-66F911F357D5}.Debug|Any CPU.ActiveCfg = Debug|Any CPU
		{F97F3EBB-8EE9-45CF-9AE0-66F911F357D5}.Debug|Any CPU.Build.0 = Debug|Any CPU
		{F97F3EBB-8EE9-45CF-9AE0-66F911F357D5}.Release|Any CPU.ActiveCfg = Release|Any CPU
		{F97F3EBB-8EE9-45CF-9AE0-66F911F357D5}.Release|Any CPU.Build.0 = Release|Any CPU
		{EA130B5A-37B9-4842-B5D5-A245BE710D82}.Debug|Any CPU.ActiveCfg = Debug|Any CPU
		{EA130B5A-37B9-4842-B5D5-A245BE710D82}.Debug|Any CPU.Build.0 = Debug|Any CPU
		{EA130B5A-37B9-4842-B5D5-A245BE710D82}.Release|Any CPU.ActiveCfg = Release|Any CPU
		{EA130B5A-37B9-4842-B5D5-A245BE710D82}.Release|Any CPU.Build.0 = Release|Any CPU
	EndGlobalSection
	GlobalSection(SolutionProperties) = preSolution
		HideSolutionNode = FALSE
	EndGlobalSection
	GlobalSection(NestedProjects) = preSolution
		{319BE959-12AF-4322-A051-A0BF8CB15EC6} = {17E3F5E5-0787-496E-B21A-A11A039B0DFA}
		{B407543C-6C1E-409A-B90C-908C21A9829E} = {17E3F5E5-0787-496E-B21A-A11A039B0DFA}
		{0DD29B24-0D7F-4B80-A172-292137D4BD5A} = {EEF87D0F-5FAF-465F-86CD-20E135081D20}
		{88673368-AFB7-4B6E-B74D-E5148C3D3279} = {EEF87D0F-5FAF-465F-86CD-20E135081D20}
		{B6488751-6B7D-4284-ACFA-5DD56EA07AA3} = {EEF87D0F-5FAF-465F-86CD-20E135081D20}
		{520BB73F-A641-4365-83E2-843D7D20D128} = {EEF87D0F-5FAF-465F-86CD-20E135081D20}
		{932851E9-C6F1-4A4D-B40B-7F0B2696C5BE} = {17E3F5E5-0787-496E-B21A-A11A039B0DFA}
		{E58C5890-B96F-447B-8414-0D04F9F77F62} = {17E3F5E5-0787-496E-B21A-A11A039B0DFA}
		{F97F3EBB-8EE9-45CF-9AE0-66F911F357D5} = {EEF87D0F-5FAF-465F-86CD-20E135081D20}
		{EA130B5A-37B9-4842-B5D5-A245BE710D82} = {17E3F5E5-0787-496E-B21A-A11A039B0DFA}
	EndGlobalSection
	GlobalSection(MonoDevelopProperties) = preSolution
		StartupItem = src\Dyfrig.fsproj
	EndGlobalSection
EndGlobal
