Microsoft Visual Studio Solution File, Format Version 12.00
# Visual Studio 2013
VisualStudioVersion = 12.0.30723.0
MinimumVisualStudioVersion = 10.0.40219.1
Project("{F2A71F9B-5D33-465A-A702-920D77279786}") = "Dyfrig.Core", "src\Dyfrig.Core\Dyfrig.Core.fsproj", "{1AAE3D8F-196F-4868-88AB-47D860CF091F}"
EndProject
Project("{2150E333-8FDC-42A3-9474-1A3956D46DE8}") = "src", "src", "{ABE59DEA-56DB-4354-9754-0E4074360A9B}"
EndProject
Project("{2150E333-8FDC-42A3-9474-1A3956D46DE8}") = "tests", "tests", "{87F63A63-9BE7-408B-937D-A4174FCE5734}"
EndProject
Project("{F2A71F9B-5D33-465A-A702-920D77279786}") = "Dyfrig.Core.Tests", "tests\Dyfrig.Core.Tests\Dyfrig.Core.Tests.fsproj", "{46B6DE09-76D2-435C-8B7F-CAF3287029DD}"
EndProject
Project("{2150E333-8FDC-42A3-9474-1A3956D46DE8}") = "sln", "sln", "{291EFE25-4571-4F3D-A7A3-A900C66EBA62}"
EndProject
Project("{2150E333-8FDC-42A3-9474-1A3956D46DE8}") = "paket", "paket", "{432B863E-38B9-4D40-9A6B-1F5B2132D241}"
	ProjectSection(SolutionItems) = preProject
		paket.dependencies = paket.dependencies
		paket.lock = paket.lock
	EndProjectSection
EndProject
Project("{F2A71F9B-5D33-465A-A702-920D77279786}") = "Dyfrig.Http", "src\Dyfrig.Http\Dyfrig.Http.fsproj", "{EF160EBE-806E-4F88-81AC-B9488EDE1085}"
EndProject
Project("{F2A71F9B-5D33-465A-A702-920D77279786}") = "Dyfrig.Http.Tests", "tests\Dyfrig.Http.Tests\Dyfrig.Http.Tests.fsproj", "{D39640C6-2258-4571-830E-7028E19DB6BA}"
EndProject
Project("{F2A71F9B-5D33-465A-A702-920D77279786}") = "Dyfrig.Pipeline", "src\Dyfrig.Pipeline\Dyfrig.Pipeline.fsproj", "{6E725EBA-1A60-4F24-894C-1836631380DF}"
EndProject
Project("{F2A71F9B-5D33-465A-A702-920D77279786}") = "Dyfrig.Router", "src\Dyfrig.Router\Dyfrig.Router.fsproj", "{23F496CA-50F7-4905-A89D-568D29331D1D}"
EndProject
Project("{2150E333-8FDC-42A3-9474-1A3956D46DE8}") = "references", "references", "{ECD01608-218F-4D0A-9737-BA7F7794C349}"
	ProjectSection(SolutionItems) = preProject
		tests\Dyfrig.Core.Tests\Dyfrig.Core.Tests.fsproj.paket.references = tests\Dyfrig.Core.Tests\Dyfrig.Core.Tests.fsproj.paket.references
		src\Dyfrig.Http\Dyfrig.Http.fsproj.paket.references = src\Dyfrig.Http\Dyfrig.Http.fsproj.paket.references
		tests\Dyfrig.Http.Tests\Dyfrig.Http.Tests.fsproj.paket.references = tests\Dyfrig.Http.Tests\Dyfrig.Http.Tests.fsproj.paket.references
		src\Dyfrig.Inspector\Dyfrig.Inspector.fsproj.paket.references = src\Dyfrig.Inspector\Dyfrig.Inspector.fsproj.paket.references
		src\Dyfrig.Machine\Dyfrig.Machine.fsproj.paket.references = src\Dyfrig.Machine\Dyfrig.Machine.fsproj.paket.references
		src\Dyfrig.Net.Http\Dyfrig.Net.Http.fsproj.paket.references = src\Dyfrig.Net.Http\Dyfrig.Net.Http.fsproj.paket.references
		tests\Dyfrig.Pipeline.Tests\Dyfrig.Pipeline.Tests.fsproj.paket.references = tests\Dyfrig.Pipeline.Tests\Dyfrig.Pipeline.Tests.fsproj.paket.references
		src\Dyfrig.Router\Dyfrig.Router.fsproj.paket.references = src\Dyfrig.Router\Dyfrig.Router.fsproj.paket.references
		examples\Dyfrig.Todo.Backend\Dyfrig.Todo.Backend.fsproj.paket.references = examples\Dyfrig.Todo.Backend\Dyfrig.Todo.Backend.fsproj.paket.references
	EndProjectSection
EndProject
Project("{F2A71F9B-5D33-465A-A702-920D77279786}") = "Dyfrig.Machine", "src\Dyfrig.Machine\Dyfrig.Machine.fsproj", "{0A570763-69E7-4E5B-8640-A848A4E2239F}"
EndProject
Project("{F2A71F9B-5D33-465A-A702-920D77279786}") = "Dyfrig.Pipeline.Tests", "tests\Dyfrig.Pipeline.Tests\Dyfrig.Pipeline.Tests.fsproj", "{9A64A4B2-7F04-4989-82D3-56B99FF918A8}"
EndProject
Project("{2150E333-8FDC-42A3-9474-1A3956D46DE8}") = ".nuget", ".nuget", "{0F3A37FB-A877-42E8-9DEA-544A94863D75}"
	ProjectSection(SolutionItems) = preProject
		.nuget\packages.config = .nuget\packages.config
	EndProjectSection
EndProject
Project("{2150E333-8FDC-42A3-9474-1A3956D46DE8}") = "examples", "examples", "{E12DF794-FA72-4B5F-AE4B-36469B5C2E13}"
EndProject
Project("{F2A71F9B-5D33-465A-A702-920D77279786}") = "Dyfrig.Todo.Backend", "examples\Dyfrig.Todo.Backend\Dyfrig.Todo.Backend.fsproj", "{318A69F6-E0F9-49CC-9A6F-77BEDF68FA05}"
EndProject
Project("{2150E333-8FDC-42A3-9474-1A3956D46DE8}") = "build", "build", "{4B77A140-D2FF-4C67-BD08-8C0081221263}"
	ProjectSection(SolutionItems) = preProject
		build.cmd = build.cmd
		build.fsx = build.fsx
		build.sh = build.sh
		docs\tools\generate.fsx = docs\tools\generate.fsx
	EndProjectSection
EndProject
Project("{F2A71F9B-5D33-465A-A702-920D77279786}") = "Dyfrig.Inspector", "src\Dyfrig.Inspector\Dyfrig.Inspector.fsproj", "{27EC7C3C-DAFC-48FC-9953-42C58BF85354}"
EndProject
Project("{F2A71F9B-5D33-465A-A702-920D77279786}") = "Dyfrig.Net.Http", "src\Dyfrig.Net.Http\Dyfrig.Net.Http.fsproj", "{3533610C-F45A-4791-AA3D-33E1DDA0416A}"
EndProject
Project("{2150E333-8FDC-42A3-9474-1A3956D46DE8}") = "inspector", "inspector", "{E2A18C0A-8C20-492F-94CA-4CF96B982E33}"
EndProject
Project("{F2A71F9B-5D33-465A-A702-920D77279786}") = "Dyfrig.Machine.Inspector", "src\Dyfrig.Machine.Inspector\Dyfrig.Machine.Inspector.fsproj", "{63C07538-E910-4156-9C31-D7B6E9E5D85B}"
EndProject
Global
	GlobalSection(SolutionConfigurationPlatforms) = preSolution
		Debug|Any CPU = Debug|Any CPU
		Release|Any CPU = Release|Any CPU
	EndGlobalSection
	GlobalSection(ProjectConfigurationPlatforms) = postSolution
		{1AAE3D8F-196F-4868-88AB-47D860CF091F}.Debug|Any CPU.ActiveCfg = Debug|Any CPU
		{1AAE3D8F-196F-4868-88AB-47D860CF091F}.Debug|Any CPU.Build.0 = Debug|Any CPU
		{1AAE3D8F-196F-4868-88AB-47D860CF091F}.Release|Any CPU.ActiveCfg = Release|Any CPU
		{1AAE3D8F-196F-4868-88AB-47D860CF091F}.Release|Any CPU.Build.0 = Release|Any CPU
		{46B6DE09-76D2-435C-8B7F-CAF3287029DD}.Debug|Any CPU.ActiveCfg = Debug|Any CPU
		{46B6DE09-76D2-435C-8B7F-CAF3287029DD}.Debug|Any CPU.Build.0 = Debug|Any CPU
		{46B6DE09-76D2-435C-8B7F-CAF3287029DD}.Release|Any CPU.ActiveCfg = Release|Any CPU
		{46B6DE09-76D2-435C-8B7F-CAF3287029DD}.Release|Any CPU.Build.0 = Release|Any CPU
		{EF160EBE-806E-4F88-81AC-B9488EDE1085}.Debug|Any CPU.ActiveCfg = Debug|Any CPU
		{EF160EBE-806E-4F88-81AC-B9488EDE1085}.Debug|Any CPU.Build.0 = Debug|Any CPU
		{EF160EBE-806E-4F88-81AC-B9488EDE1085}.Release|Any CPU.ActiveCfg = Release|Any CPU
		{EF160EBE-806E-4F88-81AC-B9488EDE1085}.Release|Any CPU.Build.0 = Release|Any CPU
		{D39640C6-2258-4571-830E-7028E19DB6BA}.Debug|Any CPU.ActiveCfg = Debug|Any CPU
		{D39640C6-2258-4571-830E-7028E19DB6BA}.Debug|Any CPU.Build.0 = Debug|Any CPU
		{D39640C6-2258-4571-830E-7028E19DB6BA}.Release|Any CPU.ActiveCfg = Release|Any CPU
		{D39640C6-2258-4571-830E-7028E19DB6BA}.Release|Any CPU.Build.0 = Release|Any CPU
		{6E725EBA-1A60-4F24-894C-1836631380DF}.Debug|Any CPU.ActiveCfg = Debug|Any CPU
		{6E725EBA-1A60-4F24-894C-1836631380DF}.Debug|Any CPU.Build.0 = Debug|Any CPU
		{6E725EBA-1A60-4F24-894C-1836631380DF}.Release|Any CPU.ActiveCfg = Release|Any CPU
		{6E725EBA-1A60-4F24-894C-1836631380DF}.Release|Any CPU.Build.0 = Release|Any CPU
		{23F496CA-50F7-4905-A89D-568D29331D1D}.Debug|Any CPU.ActiveCfg = Debug|Any CPU
		{23F496CA-50F7-4905-A89D-568D29331D1D}.Debug|Any CPU.Build.0 = Debug|Any CPU
		{23F496CA-50F7-4905-A89D-568D29331D1D}.Release|Any CPU.ActiveCfg = Release|Any CPU
		{23F496CA-50F7-4905-A89D-568D29331D1D}.Release|Any CPU.Build.0 = Release|Any CPU
		{0A570763-69E7-4E5B-8640-A848A4E2239F}.Debug|Any CPU.ActiveCfg = Debug|Any CPU
		{0A570763-69E7-4E5B-8640-A848A4E2239F}.Debug|Any CPU.Build.0 = Debug|Any CPU
		{0A570763-69E7-4E5B-8640-A848A4E2239F}.Release|Any CPU.ActiveCfg = Release|Any CPU
		{0A570763-69E7-4E5B-8640-A848A4E2239F}.Release|Any CPU.Build.0 = Release|Any CPU
		{9A64A4B2-7F04-4989-82D3-56B99FF918A8}.Debug|Any CPU.ActiveCfg = Debug|Any CPU
		{9A64A4B2-7F04-4989-82D3-56B99FF918A8}.Debug|Any CPU.Build.0 = Debug|Any CPU
		{9A64A4B2-7F04-4989-82D3-56B99FF918A8}.Release|Any CPU.ActiveCfg = Release|Any CPU
		{9A64A4B2-7F04-4989-82D3-56B99FF918A8}.Release|Any CPU.Build.0 = Release|Any CPU
		{318A69F6-E0F9-49CC-9A6F-77BEDF68FA05}.Debug|Any CPU.ActiveCfg = Debug|Any CPU
		{318A69F6-E0F9-49CC-9A6F-77BEDF68FA05}.Debug|Any CPU.Build.0 = Debug|Any CPU
		{318A69F6-E0F9-49CC-9A6F-77BEDF68FA05}.Release|Any CPU.ActiveCfg = Release|Any CPU
		{318A69F6-E0F9-49CC-9A6F-77BEDF68FA05}.Release|Any CPU.Build.0 = Release|Any CPU
		{27EC7C3C-DAFC-48FC-9953-42C58BF85354}.Debug|Any CPU.ActiveCfg = Debug|Any CPU
		{27EC7C3C-DAFC-48FC-9953-42C58BF85354}.Debug|Any CPU.Build.0 = Debug|Any CPU
		{27EC7C3C-DAFC-48FC-9953-42C58BF85354}.Release|Any CPU.ActiveCfg = Release|Any CPU
		{27EC7C3C-DAFC-48FC-9953-42C58BF85354}.Release|Any CPU.Build.0 = Release|Any CPU
		{3533610C-F45A-4791-AA3D-33E1DDA0416A}.Debug|Any CPU.ActiveCfg = Debug|Any CPU
		{3533610C-F45A-4791-AA3D-33E1DDA0416A}.Debug|Any CPU.Build.0 = Debug|Any CPU
		{3533610C-F45A-4791-AA3D-33E1DDA0416A}.Release|Any CPU.ActiveCfg = Release|Any CPU
		{3533610C-F45A-4791-AA3D-33E1DDA0416A}.Release|Any CPU.Build.0 = Release|Any CPU
		{63C07538-E910-4156-9C31-D7B6E9E5D85B}.Debug|Any CPU.ActiveCfg = Debug|Any CPU
		{63C07538-E910-4156-9C31-D7B6E9E5D85B}.Debug|Any CPU.Build.0 = Debug|Any CPU
		{63C07538-E910-4156-9C31-D7B6E9E5D85B}.Release|Any CPU.ActiveCfg = Release|Any CPU
		{63C07538-E910-4156-9C31-D7B6E9E5D85B}.Release|Any CPU.Build.0 = Release|Any CPU
	EndGlobalSection
	GlobalSection(SolutionProperties) = preSolution
		HideSolutionNode = FALSE
	EndGlobalSection
	GlobalSection(NestedProjects) = preSolution
		{1AAE3D8F-196F-4868-88AB-47D860CF091F} = {ABE59DEA-56DB-4354-9754-0E4074360A9B}
		{46B6DE09-76D2-435C-8B7F-CAF3287029DD} = {87F63A63-9BE7-408B-937D-A4174FCE5734}
		{432B863E-38B9-4D40-9A6B-1F5B2132D241} = {291EFE25-4571-4F3D-A7A3-A900C66EBA62}
		{EF160EBE-806E-4F88-81AC-B9488EDE1085} = {ABE59DEA-56DB-4354-9754-0E4074360A9B}
		{D39640C6-2258-4571-830E-7028E19DB6BA} = {87F63A63-9BE7-408B-937D-A4174FCE5734}
		{6E725EBA-1A60-4F24-894C-1836631380DF} = {ABE59DEA-56DB-4354-9754-0E4074360A9B}
		{23F496CA-50F7-4905-A89D-568D29331D1D} = {ABE59DEA-56DB-4354-9754-0E4074360A9B}
		{ECD01608-218F-4D0A-9737-BA7F7794C349} = {432B863E-38B9-4D40-9A6B-1F5B2132D241}
		{0A570763-69E7-4E5B-8640-A848A4E2239F} = {ABE59DEA-56DB-4354-9754-0E4074360A9B}
		{9A64A4B2-7F04-4989-82D3-56B99FF918A8} = {87F63A63-9BE7-408B-937D-A4174FCE5734}
		{318A69F6-E0F9-49CC-9A6F-77BEDF68FA05} = {E12DF794-FA72-4B5F-AE4B-36469B5C2E13}
		{4B77A140-D2FF-4C67-BD08-8C0081221263} = {291EFE25-4571-4F3D-A7A3-A900C66EBA62}
		{27EC7C3C-DAFC-48FC-9953-42C58BF85354} = {ABE59DEA-56DB-4354-9754-0E4074360A9B}
		{3533610C-F45A-4791-AA3D-33E1DDA0416A} = {ABE59DEA-56DB-4354-9754-0E4074360A9B}
		{E2A18C0A-8C20-492F-94CA-4CF96B982E33} = {ABE59DEA-56DB-4354-9754-0E4074360A9B}
		{63C07538-E910-4156-9C31-D7B6E9E5D85B} = {E2A18C0A-8C20-492F-94CA-4CF96B982E33}
	EndGlobalSection
EndGlobal
